{
  "requires": true,
  "lockfileVersion": 1,
  "dependencies": {
    "domelemjs": {
      "version": "1.2.1",
      "resolved": "https://registry.npmjs.org/domelemjs/-/domelemjs-1.2.1.tgz",
      "integrity": "sha512-hbcLIAxwuzsAj1hhQWMYdvorMpNtr2WPyRs5WsNVm+krTW0pELtecYjIAvlt3jZkTqKJJUOHSGt7GaEK5XoOXQ=="
    }
  }
}
