{
  "requires": true,
  "lockfileVersion": 1,
  "dependencies": {
    "domelemjs": {
      "version": "1.1.19",
      "resolved": "https://registry.npmjs.org/domelemjs/-/domelemjs-1.1.19.tgz",
      "integrity": "sha512-Q3tZM3veHrKwDvqCbgbsZ4kVfIjKNw1y0v4pvJ4BkmcccsMXeEyQvzE7VIj+uEGCl1WiiElinIxhCK1r/tyDIQ=="
    }
  }
}
